
Microsoft Visual Studio Solution File, Format Version 12.00
# Visual Studio Version 16
VisualStudioVersion = 16.0.28803.202
MinimumVisualStudioVersion = 10.0.40219.1
Project("{9A19103F-16F7-4668-BE54-9A1E7A4F7556}") = "MediatorPattern", "MediatorPattern\MediatorPattern.csproj", "{664CB9CD-FF9E-4630-A381-3B07873CB558}"
EndProject
Project("{FAE04EC0-301F-11D3-BF4B-00C04F79EFBC}") = "AbstractFactory", "AbstractFactory\AbstractFactory.csproj", "{52C6ADED-B99D-4534-86DB-D23F41BCABB6}"
EndProject
Project("{9A19103F-16F7-4668-BE54-9A1E7A4F7556}") = "DecoratorPaternConsoleApp", "DecoratorPaternConsoleApp\DecoratorPaternConsoleApp.csproj", "{2B270462-268B-46FB-ADBE-CA34697D11F3}"
EndProject
Project("{9A19103F-16F7-4668-BE54-9A1E7A4F7556}") = "StratergyPattern", "StratergyPattern\StratergyPattern.csproj", "{AE53D0EC-C9CB-4A70-A42A-E3CE7977F01D}"
EndProject
Global
	GlobalSection(SolutionConfigurationPlatforms) = preSolution
		Debug|Any CPU = Debug|Any CPU
		Release|Any CPU = Release|Any CPU
	EndGlobalSection
	GlobalSection(ProjectConfigurationPlatforms) = postSolution
		{664CB9CD-FF9E-4630-A381-3B07873CB558}.Debug|Any CPU.ActiveCfg = Debug|Any CPU
		{664CB9CD-FF9E-4630-A381-3B07873CB558}.Debug|Any CPU.Build.0 = Debug|Any CPU
		{664CB9CD-FF9E-4630-A381-3B07873CB558}.Release|Any CPU.ActiveCfg = Release|Any CPU
		{664CB9CD-FF9E-4630-A381-3B07873CB558}.Release|Any CPU.Build.0 = Release|Any CPU
		{52C6ADED-B99D-4534-86DB-D23F41BCABB6}.Debug|Any CPU.ActiveCfg = Debug|Any CPU
		{52C6ADED-B99D-4534-86DB-D23F41BCABB6}.Debug|Any CPU.Build.0 = Debug|Any CPU
		{52C6ADED-B99D-4534-86DB-D23F41BCABB6}.Release|Any CPU.ActiveCfg = Release|Any CPU
		{52C6ADED-B99D-4534-86DB-D23F41BCABB6}.Release|Any CPU.Build.0 = Release|Any CPU
		{2B270462-268B-46FB-ADBE-CA34697D11F3}.Debug|Any CPU.ActiveCfg = Debug|Any CPU
		{2B270462-268B-46FB-ADBE-CA34697D11F3}.Debug|Any CPU.Build.0 = Debug|Any CPU
		{2B270462-268B-46FB-ADBE-CA34697D11F3}.Release|Any CPU.ActiveCfg = Release|Any CPU
		{2B270462-268B-46FB-ADBE-CA34697D11F3}.Release|Any CPU.Build.0 = Release|Any CPU
		{AE53D0EC-C9CB-4A70-A42A-E3CE7977F01D}.Debug|Any CPU.ActiveCfg = Debug|Any CPU
		{AE53D0EC-C9CB-4A70-A42A-E3CE7977F01D}.Debug|Any CPU.Build.0 = Debug|Any CPU
		{AE53D0EC-C9CB-4A70-A42A-E3CE7977F01D}.Release|Any CPU.ActiveCfg = Release|Any CPU
		{AE53D0EC-C9CB-4A70-A42A-E3CE7977F01D}.Release|Any CPU.Build.0 = Release|Any CPU
	EndGlobalSection
	GlobalSection(SolutionProperties) = preSolution
		HideSolutionNode = FALSE
	EndGlobalSection
	GlobalSection(ExtensibilityGlobals) = postSolution
		SolutionGuid = {C8474650-1260-44C4-B7D4-B2ABD94A6701}
	EndGlobalSection
EndGlobal
